
Microsoft Visual Studio Solution File, Format Version 12.00
# Visual Studio Version 16
VisualStudioVersion = 25.0.1705.3
MinimumVisualStudioVersion = 10.0.40219.1
Project("{FAE04EC0-301F-11D3-BF4B-00C04F79EFBC}") = "SampleSolution_CmdLineShop_3BHEL", "SampleSolution_CmdLineShop_3BHEL\SampleSolution_CmdLineShop_3BHEL.csproj", "{6A808E95-73F2-4C14-B093-0527E3D407B8}"
EndProject
Global
	GlobalSection(SolutionConfigurationPlatforms) = preSolution
		Debug|Any CPU = Debug|Any CPU
		Release|Any CPU = Release|Any CPU
	EndGlobalSection
	GlobalSection(ProjectConfigurationPlatforms) = postSolution
		{6A808E95-73F2-4C14-B093-0527E3D407B8}.Debug|Any CPU.ActiveCfg = Debug|Any CPU
		{6A808E95-73F2-4C14-B093-0527E3D407B8}.Debug|Any CPU.Build.0 = Debug|Any CPU
		{6A808E95-73F2-4C14-B093-0527E3D407B8}.Release|Any CPU.ActiveCfg = Release|Any CPU
		{6A808E95-73F2-4C14-B093-0527E3D407B8}.Release|Any CPU.Build.0 = Release|Any CPU
	EndGlobalSection
	GlobalSection(SolutionProperties) = preSolution
		HideSolutionNode = FALSE
	EndGlobalSection
	GlobalSection(ExtensibilityGlobals) = postSolution
		SolutionGuid = {18A2229D-33BE-4388-80D6-B8003730EC0D}
	EndGlobalSection
EndGlobal
